
Microsoft Visual Studio Solution File, Format Version 12.00
# Visual Studio Version 17
VisualStudioVersion = 17.7.34202.233
MinimumVisualStudioVersion = 10.0.40219.1
Project("{FAE04EC0-301F-11D3-BF4B-00C04F79EFBC}") = "LoginApi", "LoginApi.csproj", "{25950D95-A78C-487A-8AE6-8DFADF562733}"
EndProject
Global
	GlobalSection(SolutionConfigurationPlatforms) = preSolution
		Debug|Any CPU = Debug|Any CPU
		Release|Any CPU = Release|Any CPU
	EndGlobalSection
	GlobalSection(ProjectConfigurationPlatforms) = postSolution
		{25950D95-A78C-487A-8AE6-8DFADF562733}.Debug|Any CPU.ActiveCfg = Debug|Any CPU
		{25950D95-A78C-487A-8AE6-8DFADF562733}.Debug|Any CPU.Build.0 = Debug|Any CPU
		{25950D95-A78C-487A-8AE6-8DFADF562733}.Release|Any CPU.ActiveCfg = Release|Any CPU
		{25950D95-A78C-487A-8AE6-8DFADF562733}.Release|Any CPU.Build.0 = Release|Any CPU
	EndGlobalSection
	GlobalSection(SolutionProperties) = preSolution
		HideSolutionNode = FALSE
	EndGlobalSection
	GlobalSection(ExtensibilityGlobals) = postSolution
		SolutionGuid = {3E8566E8-A85A-4631-802E-15E5E8F42269}
	EndGlobalSection
EndGlobal
